// !$*UTF8*$!
{
	archiveVersion = 1;
	classes = {
	};
	objectVersion = 55;
	objects = {

/* Begin PBXBuildFile section */
		591422362AAEEC7600D9DC39 /* FirebaseManager.swift in Sources */ = {isa = PBXBuildFile; fileRef = 591422352AAEEC7600D9DC39 /* FirebaseManager.swift */; };
		591422392AAEF3CC00D9DC39 /* SDWebImageSwiftUI in Frameworks */ = {isa = PBXBuildFile; productRef = 591422382AAEF3CC00D9DC39 /* SDWebImageSwiftUI */; };
		5914223C2AAF49E600D9DC39 /* ChatUser.swift in Sources */ = {isa = PBXBuildFile; fileRef = 5914223B2AAF49E600D9DC39 /* ChatUser.swift */; };
		5914223F2AAF4CE800D9DC39 /* CreateNewMessageView.swift in Sources */ = {isa = PBXBuildFile; fileRef = 5914223E2AAF4CE800D9DC39 /* CreateNewMessageView.swift */; };
		5944F16D2AADC09800FB853B /* Wibu_ChatApp.swift in Sources */ = {isa = PBXBuildFile; fileRef = 5944F16C2AADC09800FB853B /* Wibu_ChatApp.swift */; };
		5944F16F2AADC09800FB853B /* LoginView.swift in Sources */ = {isa = PBXBuildFile; fileRef = 5944F16E2AADC09800FB853B /* LoginView.swift */; };
		5944F1712AADC09A00FB853B /* Assets.xcassets in Resources */ = {isa = PBXBuildFile; fileRef = 5944F1702AADC09A00FB853B /* Assets.xcassets */; };
		5944F1742AADC09A00FB853B /* Preview Assets.xcassets in Resources */ = {isa = PBXBuildFile; fileRef = 5944F1732AADC09A00FB853B /* Preview Assets.xcassets */; };
		5944F1832AADE5AB00FB853B /* ImagePicker.swift in Sources */ = {isa = PBXBuildFile; fileRef = 5944F1822AADE5AB00FB853B /* ImagePicker.swift */; };
		5944F1922AAE0E4E00FB853B /* FirebaseAuth in Frameworks */ = {isa = PBXBuildFile; productRef = 5944F1912AAE0E4E00FB853B /* FirebaseAuth */; };
		5944F1942AAE0E4E00FB853B /* FirebaseFirestore in Frameworks */ = {isa = PBXBuildFile; productRef = 5944F1932AAE0E4E00FB853B /* FirebaseFirestore */; };
		5944F1962AAE0E4E00FB853B /* FirebaseStorage in Frameworks */ = {isa = PBXBuildFile; productRef = 5944F1952AAE0E4E00FB853B /* FirebaseStorage */; };
		5944F19C2AAE25D200FB853B /* GoogleService-Info.plist in Resources */ = {isa = PBXBuildFile; fileRef = 5944F19B2AAE25D200FB853B /* GoogleService-Info.plist */; };
		5944F19E2AAE26BB00FB853B /* MainMessages.swift in Sources */ = {isa = PBXBuildFile; fileRef = 5944F19D2AAE26BB00FB853B /* MainMessages.swift */; };
		59FFC4AF2AB0348F00E7C5E3 /* ChatLogView.swift in Sources */ = {isa = PBXBuildFile; fileRef = 59FFC4AE2AB0348F00E7C5E3 /* ChatLogView.swift */; };
/* End PBXBuildFile section */

/* Begin PBXFileReference section */
		591422352AAEEC7600D9DC39 /* FirebaseManager.swift */ = {isa = PBXFileReference; lastKnownFileType = sourcecode.swift; path = FirebaseManager.swift; sourceTree = "<group>"; };
		5914223B2AAF49E600D9DC39 /* ChatUser.swift */ = {isa = PBXFileReference; lastKnownFileType = sourcecode.swift; path = ChatUser.swift; sourceTree = "<group>"; };
		5914223E2AAF4CE800D9DC39 /* CreateNewMessageView.swift */ = {isa = PBXFileReference; lastKnownFileType = sourcecode.swift; path = CreateNewMessageView.swift; sourceTree = "<group>"; };
		5944F1692AADC09700FB853B /* Wibu Chat.app */ = {isa = PBXFileReference; explicitFileType = wrapper.application; includeInIndex = 0; path = "Wibu Chat.app"; sourceTree = BUILT_PRODUCTS_DIR; };
		5944F16C2AADC09800FB853B /* Wibu_ChatApp.swift */ = {isa = PBXFileReference; lastKnownFileType = sourcecode.swift; path = Wibu_ChatApp.swift; sourceTree = "<group>"; };
		5944F16E2AADC09800FB853B /* LoginView.swift */ = {isa = PBXFileReference; lastKnownFileType = sourcecode.swift; path = LoginView.swift; sourceTree = "<group>"; };
		5944F1702AADC09A00FB853B /* Assets.xcassets */ = {isa = PBXFileReference; lastKnownFileType = folder.assetcatalog; path = Assets.xcassets; sourceTree = "<group>"; };
		5944F1732AADC09A00FB853B /* Preview Assets.xcassets */ = {isa = PBXFileReference; lastKnownFileType = folder.assetcatalog; path = "Preview Assets.xcassets"; sourceTree = "<group>"; };
		5944F1822AADE5AB00FB853B /* ImagePicker.swift */ = {isa = PBXFileReference; lastKnownFileType = sourcecode.swift; path = ImagePicker.swift; sourceTree = "<group>"; };
		5944F19B2AAE25D200FB853B /* GoogleService-Info.plist */ = {isa = PBXFileReference; fileEncoding = 4; lastKnownFileType = text.plist.xml; name = "GoogleService-Info.plist"; path = "../../../Downloads/GoogleService-Info.plist"; sourceTree = "<group>"; };
		5944F19D2AAE26BB00FB853B /* MainMessages.swift */ = {isa = PBXFileReference; lastKnownFileType = sourcecode.swift; path = MainMessages.swift; sourceTree = "<group>"; };
		59FFC4AE2AB0348F00E7C5E3 /* ChatLogView.swift */ = {isa = PBXFileReference; lastKnownFileType = sourcecode.swift; path = ChatLogView.swift; sourceTree = "<group>"; };
/* End PBXFileReference section */

/* Begin PBXFrameworksBuildPhase section */
		5944F1662AADC09700FB853B /* Frameworks */ = {
			isa = PBXFrameworksBuildPhase;
			buildActionMask = 2147483647;
			files = (
				591422392AAEF3CC00D9DC39 /* SDWebImageSwiftUI in Frameworks */,
				5944F1922AAE0E4E00FB853B /* FirebaseAuth in Frameworks */,
				5944F1942AAE0E4E00FB853B /* FirebaseFirestore in Frameworks */,
				5944F1962AAE0E4E00FB853B /* FirebaseStorage in Frameworks */,
			);
			runOnlyForDeploymentPostprocessing = 0;
		};
/* End PBXFrameworksBuildPhase section */

/* Begin PBXGroup section */
		591422342AAEEC5A00D9DC39 /* Utils */ = {
			isa = PBXGroup;
			children = (
				591422352AAEEC7600D9DC39 /* FirebaseManager.swift */,
			);
			path = Utils;
			sourceTree = "<group>";
		};
		5914223A2AAF49D500D9DC39 /* Model */ = {
			isa = PBXGroup;
			children = (
				5914223B2AAF49E600D9DC39 /* ChatUser.swift */,
			);
			path = Model;
			sourceTree = "<group>";
		};
		5914223D2AAF4CC300D9DC39 /* NewMessage */ = {
			isa = PBXGroup;
			children = (
				5914223E2AAF4CE800D9DC39 /* CreateNewMessageView.swift */,
			);
			path = NewMessage;
			sourceTree = "<group>";
		};
		5944F1602AADC09700FB853B = {
			isa = PBXGroup;
			children = (
				5944F16B2AADC09800FB853B /* Wibu Chat */,
				5944F16A2AADC09700FB853B /* Products */,
			);
			sourceTree = "<group>";
		};
		5944F16A2AADC09700FB853B /* Products */ = {
			isa = PBXGroup;
			children = (
				5944F1692AADC09700FB853B /* Wibu Chat.app */,
			);
			name = Products;
			sourceTree = "<group>";
		};
		5944F16B2AADC09800FB853B /* Wibu Chat */ = {
			isa = PBXGroup;
			children = (
				5914223A2AAF49D500D9DC39 /* Model */,
				591422342AAEEC5A00D9DC39 /* Utils */,
				5944F17A2AADC11B00FB853B /* View */,
				5944F16C2AADC09800FB853B /* Wibu_ChatApp.swift */,
				5944F16E2AADC09800FB853B /* LoginView.swift */,
				5944F19B2AAE25D200FB853B /* GoogleService-Info.plist */,
				5944F1702AADC09A00FB853B /* Assets.xcassets */,
				5944F1722AADC09A00FB853B /* Preview Content */,
			);
			path = "Wibu Chat";
			sourceTree = "<group>";
		};
		5944F1722AADC09A00FB853B /* Preview Content */ = {
			isa = PBXGroup;
			children = (
				5944F1732AADC09A00FB853B /* Preview Assets.xcassets */,
			);
			path = "Preview Content";
			sourceTree = "<group>";
		};
		5944F17A2AADC11B00FB853B /* View */ = {
			isa = PBXGroup;
			children = (
				59FFC4AD2AB0347E00E7C5E3 /* Chat */,
				5914223D2AAF4CC300D9DC39 /* NewMessage */,
				5944F1822AADE5AB00FB853B /* ImagePicker.swift */,
				5944F19D2AAE26BB00FB853B /* MainMessages.swift */,
			);
			path = View;
			sourceTree = "<group>";
		};
		59FFC4AD2AB0347E00E7C5E3 /* Chat */ = {
			isa = PBXGroup;
			children = (
				59FFC4AE2AB0348F00E7C5E3 /* ChatLogView.swift */,
			);
			path = Chat;
			sourceTree = "<group>";
		};
/* End PBXGroup section */

/* Begin PBXNativeTarget section */
		5944F1682AADC09700FB853B /* Wibu Chat */ = {
			isa = PBXNativeTarget;
			buildConfigurationList = 5944F1772AADC09A00FB853B /* Build configuration list for PBXNativeTarget "Wibu Chat" */;
			buildPhases = (
				5944F1652AADC09700FB853B /* Sources */,
				5944F1662AADC09700FB853B /* Frameworks */,
				5944F1672AADC09700FB853B /* Resources */,
			);
			buildRules = (
			);
			dependencies = (
			);
			name = "Wibu Chat";
			packageProductDependencies = (
				5944F1912AAE0E4E00FB853B /* FirebaseAuth */,
				5944F1932AAE0E4E00FB853B /* FirebaseFirestore */,
				5944F1952AAE0E4E00FB853B /* FirebaseStorage */,
				591422382AAEF3CC00D9DC39 /* SDWebImageSwiftUI */,
			);
			productName = "Wibu Chat";
			productReference = 5944F1692AADC09700FB853B /* Wibu Chat.app */;
			productType = "com.apple.product-type.application";
		};
/* End PBXNativeTarget section */

/* Begin PBXProject section */
		5944F1612AADC09700FB853B /* Project object */ = {
			isa = PBXProject;
			attributes = {
				BuildIndependentTargetsInParallel = 1;
				LastSwiftUpdateCheck = 1320;
				LastUpgradeCheck = 1320;
				TargetAttributes = {
					5944F1682AADC09700FB853B = {
						CreatedOnToolsVersion = 13.2.1;
					};
				};
			};
			buildConfigurationList = 5944F1642AADC09700FB853B /* Build configuration list for PBXProject "Wibu Chat" */;
			compatibilityVersion = "Xcode 13.0";
			developmentRegion = en;
			hasScannedForEncodings = 0;
			knownRegions = (
				en,
				Base,
			);
			mainGroup = 5944F1602AADC09700FB853B;
			packageReferences = (
				5944F1902AAE0E4E00FB853B /* XCRemoteSwiftPackageReference "firebase-ios-sdk" */,
				591422372AAEF3CC00D9DC39 /* XCRemoteSwiftPackageReference "SDWebImageSwiftUI" */,
			);
			productRefGroup = 5944F16A2AADC09700FB853B /* Products */;
			projectDirPath = "";
			projectRoot = "";
			targets = (
				5944F1682AADC09700FB853B /* Wibu Chat */,
			);
		};
/* End PBXProject section */

/* Begin PBXResourcesBuildPhase section */
		5944F1672AADC09700FB853B /* Resources */ = {
			isa = PBXResourcesBuildPhase;
			buildActionMask = 2147483647;
			files = (
				5944F1742AADC09A00FB853B /* Preview Assets.xcassets in Resources */,
				5944F1712AADC09A00FB853B /* Assets.xcassets in Resources */,
				5944F19C2AAE25D200FB853B /* GoogleService-Info.plist in Resources */,
			);
			runOnlyForDeploymentPostprocessing = 0;
		};
/* End PBXResourcesBuildPhase section */

/* Begin PBXSourcesBuildPhase section */
		5944F1652AADC09700FB853B /* Sources */ = {
			isa = PBXSourcesBuildPhase;
			buildActionMask = 2147483647;
			files = (
				5914223C2AAF49E600D9DC39 /* ChatUser.swift in Sources */,
				59FFC4AF2AB0348F00E7C5E3 /* ChatLogView.swift in Sources */,
				5944F1832AADE5AB00FB853B /* ImagePicker.swift in Sources */,
				5944F16F2AADC09800FB853B /* LoginView.swift in Sources */,
				591422362AAEEC7600D9DC39 /* FirebaseManager.swift in Sources */,
				5914223F2AAF4CE800D9DC39 /* CreateNewMessageView.swift in Sources */,
				5944F19E2AAE26BB00FB853B /* MainMessages.swift in Sources */,
				5944F16D2AADC09800FB853B /* Wibu_ChatApp.swift in Sources */,
			);
			runOnlyForDeploymentPostprocessing = 0;
		};
/* End PBXSourcesBuildPhase section */

/* Begin XCBuildConfiguration section */
		5944F1752AADC09A00FB853B /* Debug */ = {
			isa = XCBuildConfiguration;
			buildSettings = {
				ALWAYS_SEARCH_USER_PATHS = NO;
				CLANG_ANALYZER_NONNULL = YES;
				CLANG_ANALYZER_NUMBER_OBJECT_CONVERSION = YES_AGGRESSIVE;
				CLANG_CXX_LANGUAGE_STANDARD = "gnu++17";
				CLANG_CXX_LIBRARY = "libc++";
				CLANG_ENABLE_MODULES = YES;
				CLANG_ENABLE_OBJC_ARC = YES;
				CLANG_ENABLE_OBJC_WEAK = YES;
				CLANG_WARN_BLOCK_CAPTURE_AUTORELEASING = YES;
				CLANG_WARN_BOOL_CONVERSION = YES;
				CLANG_WARN_COMMA = YES;
				CLANG_WARN_CONSTANT_CONVERSION = YES;
				CLANG_WARN_DEPRECATED_OBJC_IMPLEMENTATIONS = YES;
				CLANG_WARN_DIRECT_OBJC_ISA_USAGE = YES_ERROR;
				CLANG_WARN_DOCUMENTATION_COMMENTS = YES;
				CLANG_WARN_EMPTY_BODY = YES;
				CLANG_WARN_ENUM_CONVERSION = YES;
				CLANG_WARN_INFINITE_RECURSION = YES;
				CLANG_WARN_INT_CONVERSION = YES;
				CLANG_WARN_NON_LITERAL_NULL_CONVERSION = YES;
				CLANG_WARN_OBJC_IMPLICIT_RETAIN_SELF = YES;
				CLANG_WARN_OBJC_LITERAL_CONVERSION = YES;
				CLANG_WARN_OBJC_ROOT_CLASS = YES_ERROR;
				CLANG_WARN_QUOTED_INCLUDE_IN_FRAMEWORK_HEADER = YES;
				CLANG_WARN_RANGE_LOOP_ANALYSIS = YES;
				CLANG_WARN_STRICT_PROTOTYPES = YES;
				CLANG_WARN_SUSPICIOUS_MOVE = YES;
				CLANG_WARN_UNGUARDED_AVAILABILITY = YES_AGGRESSIVE;
				CLANG_WARN_UNREACHABLE_CODE = YES;
				CLANG_WARN__DUPLICATE_METHOD_MATCH = YES;
				COPY_PHASE_STRIP = NO;
				DEBUG_INFORMATION_FORMAT = dwarf;
				ENABLE_STRICT_OBJC_MSGSEND = YES;
				ENABLE_TESTABILITY = YES;
				GCC_C_LANGUAGE_STANDARD = gnu11;
				GCC_DYNAMIC_NO_PIC = NO;
				GCC_NO_COMMON_BLOCKS = YES;
				GCC_OPTIMIZATION_LEVEL = 0;
				GCC_PREPROCESSOR_DEFINITIONS = (
					"DEBUG=1",
					"$(inherited)",
				);
				GCC_WARN_64_TO_32_BIT_CONVERSION = YES;
				GCC_WARN_ABOUT_RETURN_TYPE = YES_ERROR;
				GCC_WARN_UNDECLARED_SELECTOR = YES;
				GCC_WARN_UNINITIALIZED_AUTOS = YES_AGGRESSIVE;
				GCC_WARN_UNUSED_FUNCTION = YES;
				GCC_WARN_UNUSED_VARIABLE = YES;
				IPHONEOS_DEPLOYMENT_TARGET = 15.2;
				MTL_ENABLE_DEBUG_INFO = INCLUDE_SOURCE;
				MTL_FAST_MATH = YES;
				ONLY_ACTIVE_ARCH = YES;
				SDKROOT = iphoneos;
				SWIFT_ACTIVE_COMPILATION_CONDITIONS = DEBUG;
				SWIFT_OPTIMIZATION_LEVEL = "-Onone";
			};
			name = Debug;
		};
		5944F1762AADC09A00FB853B /* Release */ = {
			isa = XCBuildConfiguration;
			buildSettings = {
				ALWAYS_SEARCH_USER_PATHS = NO;
				CLANG_ANALYZER_NONNULL = YES;
				CLANG_ANALYZER_NUMBER_OBJECT_CONVERSION = YES_AGGRESSIVE;
				CLANG_CXX_LANGUAGE_STANDARD = "gnu++17";
				CLANG_CXX_LIBRARY = "libc++";
				CLANG_ENABLE_MODULES = YES;
				CLANG_ENABLE_OBJC_ARC = YES;
				CLANG_ENABLE_OBJC_WEAK = YES;
				CLANG_WARN_BLOCK_CAPTURE_AUTORELEASING = YES;
				CLANG_WARN_BOOL_CONVERSION = YES;
				CLANG_WARN_COMMA = YES;
				CLANG_WARN_CONSTANT_CONVERSION = YES;
				CLANG_WARN_DEPRECATED_OBJC_IMPLEMENTATIONS = YES;
				CLANG_WARN_DIRECT_OBJC_ISA_USAGE = YES_ERROR;
				CLANG_WARN_DOCUMENTATION_COMMENTS = YES;
				CLANG_WARN_EMPTY_BODY = YES;
				CLANG_WARN_ENUM_CONVERSION = YES;
				CLANG_WARN_INFINITE_RECURSION = YES;
				CLANG_WARN_INT_CONVERSION = YES;
				CLANG_WARN_NON_LITERAL_NULL_CONVERSION = YES;
				CLANG_WARN_OBJC_IMPLICIT_RETAIN_SELF = YES;
				CLANG_WARN_OBJC_LITERAL_CONVERSION = YES;
				CLANG_WARN_OBJC_ROOT_CLASS = YES_ERROR;
				CLANG_WARN_QUOTED_INCLUDE_IN_FRAMEWORK_HEADER = YES;
				CLANG_WARN_RANGE_LOOP_ANALYSIS = YES;
				CLANG_WARN_STRICT_PROTOTYPES = YES;
				CLANG_WARN_SUSPICIOUS_MOVE = YES;
				CLANG_WARN_UNGUARDED_AVAILABILITY = YES_AGGRESSIVE;
				CLANG_WARN_UNREACHABLE_CODE = YES;
				CLANG_WARN__DUPLICATE_METHOD_MATCH = YES;
				COPY_PHASE_STRIP = NO;
				DEBUG_INFORMATION_FORMAT = "dwarf-with-dsym";
				ENABLE_NS_ASSERTIONS = NO;
				ENABLE_STRICT_OBJC_MSGSEND = YES;
				GCC_C_LANGUAGE_STANDARD = gnu11;
				GCC_NO_COMMON_BLOCKS = YES;
				GCC_WARN_64_TO_32_BIT_CONVERSION = YES;
				GCC_WARN_ABOUT_RETURN_TYPE = YES_ERROR;
				GCC_WARN_UNDECLARED_SELECTOR = YES;
				GCC_WARN_UNINITIALIZED_AUTOS = YES_AGGRESSIVE;
				GCC_WARN_UNUSED_FUNCTION = YES;
				GCC_WARN_UNUSED_VARIABLE = YES;
				IPHONEOS_DEPLOYMENT_TARGET = 15.2;
				MTL_ENABLE_DEBUG_INFO = NO;
				MTL_FAST_MATH = YES;
				SDKROOT = iphoneos;
				SWIFT_COMPILATION_MODE = wholemodule;
				SWIFT_OPTIMIZATION_LEVEL = "-O";
				VALIDATE_PRODUCT = YES;
			};
			name = Release;
		};
		5944F1782AADC09A00FB853B /* Debug */ = {
			isa = XCBuildConfiguration;
			buildSettings = {
				ASSETCATALOG_COMPILER_APPICON_NAME = AppIcon;
				ASSETCATALOG_COMPILER_GLOBAL_ACCENT_COLOR_NAME = AccentColor;
				CODE_SIGN_STYLE = Automatic;
				CURRENT_PROJECT_VERSION = 1;
				DEVELOPMENT_ASSET_PATHS = "\"Wibu Chat/Preview Content\"";
				DEVELOPMENT_TEAM = 56J3FHBFA2;
				ENABLE_PREVIEWS = YES;
				GENERATE_INFOPLIST_FILE = YES;
				INFOPLIST_KEY_UIApplicationSceneManifest_Generation = YES;
				INFOPLIST_KEY_UIApplicationSupportsIndirectInputEvents = YES;
				INFOPLIST_KEY_UILaunchScreen_Generation = YES;
				INFOPLIST_KEY_UISupportedInterfaceOrientations_iPad = "UIInterfaceOrientationPortrait UIInterfaceOrientationPortraitUpsideDown UIInterfaceOrientationLandscapeLeft UIInterfaceOrientationLandscapeRight";
				INFOPLIST_KEY_UISupportedInterfaceOrientations_iPhone = "UIInterfaceOrientationPortrait UIInterfaceOrientationLandscapeLeft UIInterfaceOrientationLandscapeRight";
				LD_RUNPATH_SEARCH_PATHS = (
					"$(inherited)",
					"@executable_path/Frameworks",
				);
				MARKETING_VERSION = 1.0;
				PRODUCT_BUNDLE_IDENTIFIER = "com.dunkeyyfong.Wibu-Chat";
				PRODUCT_NAME = "$(TARGET_NAME)";
				SWIFT_EMIT_LOC_STRINGS = YES;
				SWIFT_VERSION = 5.0;
				TARGETED_DEVICE_FAMILY = "1,2";
			};
			name = Debug;
		};
		5944F1792AADC09A00FB853B /* Release */ = {
			isa = XCBuildConfiguration;
			buildSettings = {
				ASSETCATALOG_COMPILER_APPICON_NAME = AppIcon;
				ASSETCATALOG_COMPILER_GLOBAL_ACCENT_COLOR_NAME = AccentColor;
				CODE_SIGN_STYLE = Automatic;
				CURRENT_PROJECT_VERSION = 1;
				DEVELOPMENT_ASSET_PATHS = "\"Wibu Chat/Preview Content\"";
				DEVELOPMENT_TEAM = 56J3FHBFA2;
				ENABLE_PREVIEWS = YES;
				GENERATE_INFOPLIST_FILE = YES;
				INFOPLIST_KEY_UIApplicationSceneManifest_Generation = YES;
				INFOPLIST_KEY_UIApplicationSupportsIndirectInputEvents = YES;
				INFOPLIST_KEY_UILaunchScreen_Generation = YES;
				INFOPLIST_KEY_UISupportedInterfaceOrientations_iPad = "UIInterfaceOrientationPortrait UIInterfaceOrientationPortraitUpsideDown UIInterfaceOrientationLandscapeLeft UIInterfaceOrientationLandscapeRight";
				INFOPLIST_KEY_UISupportedInterfaceOrientations_iPhone = "UIInterfaceOrientationPortrait UIInterfaceOrientationLandscapeLeft UIInterfaceOrientationLandscapeRight";
				LD_RUNPATH_SEARCH_PATHS = (
					"$(inherited)",
					"@executable_path/Frameworks",
				);
				MARKETING_VERSION = 1.0;
				PRODUCT_BUNDLE_IDENTIFIER = "com.dunkeyyfong.Wibu-Chat";
				PRODUCT_NAME = "$(TARGET_NAME)";
				SWIFT_EMIT_LOC_STRINGS = YES;
				SWIFT_VERSION = 5.0;
				TARGETED_DEVICE_FAMILY = "1,2";
			};
			name = Release;
		};
/* End XCBuildConfiguration section */

/* Begin XCConfigurationList section */
		5944F1642AADC09700FB853B /* Build configuration list for PBXProject "Wibu Chat" */ = {
			isa = XCConfigurationList;
			buildConfigurations = (
				5944F1752AADC09A00FB853B /* Debug */,
				5944F1762AADC09A00FB853B /* Release */,
			);
			defaultConfigurationIsVisible = 0;
			defaultConfigurationName = Release;
		};
		5944F1772AADC09A00FB853B /* Build configuration list for PBXNativeTarget "Wibu Chat" */ = {
			isa = XCConfigurationList;
			buildConfigurations = (
				5944F1782AADC09A00FB853B /* Debug */,
				5944F1792AADC09A00FB853B /* Release */,
			);
			defaultConfigurationIsVisible = 0;
			defaultConfigurationName = Release;
		};
/* End XCConfigurationList section */

/* Begin XCRemoteSwiftPackageReference section */
		591422372AAEF3CC00D9DC39 /* XCRemoteSwiftPackageReference "SDWebImageSwiftUI" */ = {
			isa = XCRemoteSwiftPackageReference;
			repositoryURL = "https://github.com/SDWebImage/SDWebImageSwiftUI";
			requirement = {
				kind = upToNextMajorVersion;
				minimumVersion = 2.0.0;
			};
		};
		5944F1902AAE0E4E00FB853B /* XCRemoteSwiftPackageReference "firebase-ios-sdk" */ = {
			isa = XCRemoteSwiftPackageReference;
			repositoryURL = "https://github.com/firebase/firebase-ios-sdk";
			requirement = {
				kind = upToNextMajorVersion;
				minimumVersion = 8.0.0;
			};
		};
/* End XCRemoteSwiftPackageReference section */

/* Begin XCSwiftPackageProductDependency section */
		591422382AAEF3CC00D9DC39 /* SDWebImageSwiftUI */ = {
			isa = XCSwiftPackageProductDependency;
			package = 591422372AAEF3CC00D9DC39 /* XCRemoteSwiftPackageReference "SDWebImageSwiftUI" */;
			productName = SDWebImageSwiftUI;
		};
		5944F1912AAE0E4E00FB853B /* FirebaseAuth */ = {
			isa = XCSwiftPackageProductDependency;
			package = 5944F1902AAE0E4E00FB853B /* XCRemoteSwiftPackageReference "firebase-ios-sdk" */;
			productName = FirebaseAuth;
		};
		5944F1932AAE0E4E00FB853B /* FirebaseFirestore */ = {
			isa = XCSwiftPackageProductDependency;
			package = 5944F1902AAE0E4E00FB853B /* XCRemoteSwiftPackageReference "firebase-ios-sdk" */;
			productName = FirebaseFirestore;
		};
		5944F1952AAE0E4E00FB853B /* FirebaseStorage */ = {
			isa = XCSwiftPackageProductDependency;
			package = 5944F1902AAE0E4E00FB853B /* XCRemoteSwiftPackageReference "firebase-ios-sdk" */;
			productName = FirebaseStorage;
		};
/* End XCSwiftPackageProductDependency section */
	};
	rootObject = 5944F1612AADC09700FB853B /* Project object */;
}
